{
  "version": 4,
  "terraform_version": "1.6.2",
  "serial": 40,
  "lineage": "2d4747cc-5f1c-5fed-1c9b-d3b186db3407",
  "outputs": {},
  "resources": [
    {
      "mode": "managed",
      "type": "google_project_service",
      "name": "firestore",
      "provider": "provider[\"registry.terraform.io/hashicorp/google\"]",
      "instances": [
        {
          "schema_version": 0,
          "attributes": {
            "disable_dependent_services": null,
            "disable_on_destroy": true,
            "id": "jy-project-6cfb8/firestore.googleapis.com",
            "project": "jy-project-6cfb8",
            "service": "firestore.googleapis.com",
            "timeouts": null
          },
          "sensitive_attributes": [],
          "private": "eyJlMmJmYjczMC1lY2FhLTExZTYtOGY4OC0zNDM2M2JjN2M0YzAiOnsiY3JlYXRlIjoxMjAwMDAwMDAwMDAwLCJkZWxldGUiOjEyMDAwMDAwMDAwMDAsInJlYWQiOjYwMDAwMDAwMDAwMCwidXBkYXRlIjoxMjAwMDAwMDAwMDAwfX0="
        }
      ]
    }
  ],
  "check_results": null
}
